
Microsoft Visual Studio Solution File, Format Version 12.00
# Visual Studio Version 17
VisualStudioVersion = 17.3.32811.315
MinimumVisualStudioVersion = 10.0.40219.1
Project("{FAE04EC0-301F-11D3-BF4B-00C04F79EFBC}") = "Arduino", "Arduino\Arduino.csproj", "{071568F6-6644-47C3-9DE3-77AC3B160FB4}"
EndProject
Global
	GlobalSection(SolutionConfigurationPlatforms) = preSolution
		Debug|Any CPU = Debug|Any CPU
		Release|Any CPU = Release|Any CPU
	EndGlobalSection
	GlobalSection(ProjectConfigurationPlatforms) = postSolution
		{071568F6-6644-47C3-9DE3-77AC3B160FB4}.Debug|Any CPU.ActiveCfg = Debug|Any CPU
		{071568F6-6644-47C3-9DE3-77AC3B160FB4}.Debug|Any CPU.Build.0 = Debug|Any CPU
		{071568F6-6644-47C3-9DE3-77AC3B160FB4}.Release|Any CPU.ActiveCfg = Release|Any CPU
		{071568F6-6644-47C3-9DE3-77AC3B160FB4}.Release|Any CPU.Build.0 = Release|Any CPU
	EndGlobalSection
	GlobalSection(SolutionProperties) = preSolution
		HideSolutionNode = FALSE
	EndGlobalSection
	GlobalSection(ExtensibilityGlobals) = postSolution
		SolutionGuid = {0112E3D1-CB15-4559-936F-5851957E0522}
	EndGlobalSection
EndGlobal
